
Microsoft Visual Studio Solution File, Format Version 12.00
# Visual Studio 15
VisualStudioVersion = 15.0.27004.2002
MinimumVisualStudioVersion = 10.0.40219.1
Project("{FAE04EC0-301F-11D3-BF4B-00C04F79EFBC}") = "NYLo365WebApi", "NYLo365WebApi\NYLo365WebApi.csproj", "{8043E7CA-9001-490C-B74F-E7DBA4A02D8C}"
EndProject
Project("{FAE04EC0-301F-11D3-BF4B-00C04F79EFBC}") = "NYLo365OutlookAddIn_No_Use", "NYLo365OutlookAddIn\NYLo365OutlookAddIn_No_Use.csproj", "{91367C58-0C7D-46DB-B732-3B4E60D17F45}"
EndProject
Project("{FAE04EC0-301F-11D3-BF4B-00C04F79EFBC}") = "NYLo365OutlookAddInWeb_No_Use", "NYLo365OutlookAddInWeb\NYLo365OutlookAddInWeb_No_Use.csproj", "{DA106EF9-0D23-4B86-9495-E2F74FF9E827}"
EndProject
Project("{FAE04EC0-301F-11D3-BF4B-00C04F79EFBC}") = "NYLo365AddIns_No_Use", "NYLo365AddIns\NYLo365AddIns_No_Use.csproj", "{6BB88D95-A319-48BA-A098-167BC18D8CF1}"
EndProject
Project("{FAE04EC0-301F-11D3-BF4B-00C04F79EFBC}") = "NYLo365WordAddin_No_Use", "NYLo365WordAddin\NYLo365WordAddin_No_Use.csproj", "{19E13BB1-D9BC-43F0-8068-353809F3BD5B}"
EndProject
Project("{FAE04EC0-301F-11D3-BF4B-00C04F79EFBC}") = "NYLo365WordAddinWeb_No_Use", "NYLo365WordAddinWeb\NYLo365WordAddinWeb_No_Use.csproj", "{B453D4E1-C6A6-4EE7-9FB1-0443500BFBFC}"
EndProject
Global
	GlobalSection(SolutionConfigurationPlatforms) = preSolution
		Debug|Any CPU = Debug|Any CPU
		Release|Any CPU = Release|Any CPU
	EndGlobalSection
	GlobalSection(ProjectConfigurationPlatforms) = postSolution
		{8043E7CA-9001-490C-B74F-E7DBA4A02D8C}.Debug|Any CPU.ActiveCfg = Debug|Any CPU
		{8043E7CA-9001-490C-B74F-E7DBA4A02D8C}.Debug|Any CPU.Build.0 = Debug|Any CPU
		{8043E7CA-9001-490C-B74F-E7DBA4A02D8C}.Release|Any CPU.ActiveCfg = Release|Any CPU
		{8043E7CA-9001-490C-B74F-E7DBA4A02D8C}.Release|Any CPU.Build.0 = Release|Any CPU
		{91367C58-0C7D-46DB-B732-3B4E60D17F45}.Debug|Any CPU.ActiveCfg = Debug|Any CPU
		{91367C58-0C7D-46DB-B732-3B4E60D17F45}.Debug|Any CPU.Build.0 = Debug|Any CPU
		{91367C58-0C7D-46DB-B732-3B4E60D17F45}.Debug|Any CPU.Deploy.0 = Debug|Any CPU
		{91367C58-0C7D-46DB-B732-3B4E60D17F45}.Release|Any CPU.ActiveCfg = Release|Any CPU
		{91367C58-0C7D-46DB-B732-3B4E60D17F45}.Release|Any CPU.Build.0 = Release|Any CPU
		{91367C58-0C7D-46DB-B732-3B4E60D17F45}.Release|Any CPU.Deploy.0 = Release|Any CPU
		{DA106EF9-0D23-4B86-9495-E2F74FF9E827}.Debug|Any CPU.ActiveCfg = Debug|Any CPU
		{DA106EF9-0D23-4B86-9495-E2F74FF9E827}.Debug|Any CPU.Build.0 = Debug|Any CPU
		{DA106EF9-0D23-4B86-9495-E2F74FF9E827}.Release|Any CPU.ActiveCfg = Release|Any CPU
		{DA106EF9-0D23-4B86-9495-E2F74FF9E827}.Release|Any CPU.Build.0 = Release|Any CPU
		{6BB88D95-A319-48BA-A098-167BC18D8CF1}.Debug|Any CPU.ActiveCfg = Debug|Any CPU
		{6BB88D95-A319-48BA-A098-167BC18D8CF1}.Debug|Any CPU.Build.0 = Debug|Any CPU
		{6BB88D95-A319-48BA-A098-167BC18D8CF1}.Release|Any CPU.ActiveCfg = Release|Any CPU
		{6BB88D95-A319-48BA-A098-167BC18D8CF1}.Release|Any CPU.Build.0 = Release|Any CPU
		{19E13BB1-D9BC-43F0-8068-353809F3BD5B}.Debug|Any CPU.ActiveCfg = Debug|Any CPU
		{19E13BB1-D9BC-43F0-8068-353809F3BD5B}.Debug|Any CPU.Build.0 = Debug|Any CPU
		{19E13BB1-D9BC-43F0-8068-353809F3BD5B}.Debug|Any CPU.Deploy.0 = Debug|Any CPU
		{19E13BB1-D9BC-43F0-8068-353809F3BD5B}.Release|Any CPU.ActiveCfg = Release|Any CPU
		{19E13BB1-D9BC-43F0-8068-353809F3BD5B}.Release|Any CPU.Build.0 = Release|Any CPU
		{19E13BB1-D9BC-43F0-8068-353809F3BD5B}.Release|Any CPU.Deploy.0 = Release|Any CPU
		{B453D4E1-C6A6-4EE7-9FB1-0443500BFBFC}.Debug|Any CPU.ActiveCfg = Debug|Any CPU
		{B453D4E1-C6A6-4EE7-9FB1-0443500BFBFC}.Debug|Any CPU.Build.0 = Debug|Any CPU
		{B453D4E1-C6A6-4EE7-9FB1-0443500BFBFC}.Release|Any CPU.ActiveCfg = Release|Any CPU
		{B453D4E1-C6A6-4EE7-9FB1-0443500BFBFC}.Release|Any CPU.Build.0 = Release|Any CPU
	EndGlobalSection
	GlobalSection(SolutionProperties) = preSolution
		HideSolutionNode = FALSE
	EndGlobalSection
	GlobalSection(ExtensibilityGlobals) = postSolution
		SolutionGuid = {FFD46EBB-E40D-4DE7-A58C-8107239CF79F}
	EndGlobalSection
EndGlobal
